
Microsoft Visual Studio Solution File, Format Version 12.00
# Visual Studio Version 17
VisualStudioVersion = 17.14.37301.10 d17.14
MinimumVisualStudioVersion = 10.0.40219.1
Project("{FAE04EC0-301F-11D3-BF4B-00C04F79EFBC}") = "ExpenseManagerAPI", "ExpenseManagerAPI\ExpenseManagerAPI.csproj", "{9A873B22-3E85-4778-BE2C-8BAAA1179B79}"
EndProject
Global
	GlobalSection(SolutionConfigurationPlatforms) = preSolution
		Debug|Any CPU = Debug|Any CPU
		Release|Any CPU = Release|Any CPU
	EndGlobalSection
	GlobalSection(ProjectConfigurationPlatforms) = postSolution
		{9A873B22-3E85-4778-BE2C-8BAAA1179B79}.Debug|Any CPU.ActiveCfg = Debug|Any CPU
		{9A873B22-3E85-4778-BE2C-8BAAA1179B79}.Debug|Any CPU.Build.0 = Debug|Any CPU
		{9A873B22-3E85-4778-BE2C-8BAAA1179B79}.Release|Any CPU.ActiveCfg = Release|Any CPU
		{9A873B22-3E85-4778-BE2C-8BAAA1179B79}.Release|Any CPU.Build.0 = Release|Any CPU
	EndGlobalSection
	GlobalSection(SolutionProperties) = preSolution
		HideSolutionNode = FALSE
	EndGlobalSection
	GlobalSection(ExtensibilityGlobals) = postSolution
		SolutionGuid = {28AB5494-3D91-48D8-BD21-1FAF8EA0547E}
	EndGlobalSection
EndGlobal
